// !$*UTF8*$!
{
	archiveVersion = 1;
	classes = {
	};
	objectVersion = 77;
	objects = {

/* Begin PBXContainerItemProxy section */
		CF042B3E2EF3797C00E7CA12 /* PBXContainerItemProxy */ = {
			isa = PBXContainerItemProxy;
			containerPortal = CF042B1F2EF3797B00E7CA12 /* Project object */;
			proxyType = 1;
			remoteGlobalIDString = CF042B262EF3797B00E7CA12;
			remoteInfo = Tarefas;
		};
		CF042B482EF3797C00E7CA12 /* PBXContainerItemProxy */ = {
			isa = PBXContainerItemProxy;
			containerPortal = CF042B1F2EF3797B00E7CA12 /* Project object */;
			proxyType = 1;
			remoteGlobalIDString = CF042B262EF3797B00E7CA12;
			remoteInfo = Tarefas;
		};
/* End PBXContainerItemProxy section */

/* Begin PBXFileReference section */
		CF042B272EF3797B00E7CA12 /* Tarefas.app */ = {isa = PBXFileReference; explicitFileType = wrapper.application; includeInIndex = 0; path = Tarefas.app; sourceTree = BUILT_PRODUCTS_DIR; };
		CF042B3D2EF3797C00E7CA12 /* TarefasTests.xctest */ = {isa = PBXFileReference; explicitFileType = wrapper.cfbundle; includeInIndex = 0; path = TarefasTests.xctest; sourceTree = BUILT_PRODUCTS_DIR; };
		CF042B472EF3797C00E7CA12 /* TarefasUITests.xctest */ = {isa = PBXFileReference; explicitFileType = wrapper.cfbundle; includeInIndex = 0; path = TarefasUITests.xctest; sourceTree = BUILT_PRODUCTS_DIR; };
/* End PBXFileReference section */

/* Begin PBXFileSystemSynchronizedBuildFileExceptionSet section */
		CF042B4F2EF3797C00E7CA12 /* Exceptions for "Tarefas" folder in "Tarefas" target */ = {
			isa = PBXFileSystemSynchronizedBuildFileExceptionSet;
			membershipExceptions = (
				Info.plist,
			);
			target = CF042B262EF3797B00E7CA12 /* Tarefas */;
		};
/* End PBXFileSystemSynchronizedBuildFileExceptionSet section */

/* Begin PBXFileSystemSynchronizedRootGroup section */
		CF042B292EF3797B00E7CA12 /* Tarefas */ = {
			isa = PBXFileSystemSynchronizedRootGroup;
			exceptions = (
				CF042B4F2EF3797C00E7CA12 /* Exceptions for "Tarefas" folder in "Tarefas" target */,
			);
			path = Tarefas;
			sourceTree = "<group>";
		};
		CF042B402EF3797C00E7CA12 /* TarefasTests */ = {
			isa = PBXFileSystemSynchronizedRootGroup;
			path = TarefasTests;
			sourceTree = "<group>";
		};
		CF042B4A2EF3797C00E7CA12 /* TarefasUITests */ = {
			isa = PBXFileSystemSynchronizedRootGroup;
			path = TarefasUITests;
			sourceTree = "<group>";
		};
/* End PBXFileSystemSynchronizedRootGroup section */

/* Begin PBXFrameworksBuildPhase section */
		CF042B242EF3797B00E7CA12 /* Frameworks */ = {
			isa = PBXFrameworksBuildPhase;
			buildActionMask = 2147483647;
			files = (
			);
			runOnlyForDeploymentPostprocessing = 0;
		};
		CF042B3A2EF3797C00E7CA12 /* Frameworks */ = {
			isa = PBXFrameworksBuildPhase;
			buildActionMask = 2147483647;
			files = (
			);
			runOnlyForDeploymentPostprocessing = 0;
		};
		CF042B442EF3797C00E7CA12 /* Frameworks */ = {
			isa = PBXFrameworksBuildPhase;
			buildActionMask = 2147483647;
			files = (
			);
			runOnlyForDeploymentPostprocessing = 0;
		};
/* End PBXFrameworksBuildPhase section */

/* Begin PBXGroup section */
		CF042B1E2EF3797B00E7CA12 = {
			isa = PBXGroup;
			children = (
				CF042B292EF3797B00E7CA12 /* Tarefas */,
				CF042B402EF3797C00E7CA12 /* TarefasTests */,
				CF042B4A2EF3797C00E7CA12 /* TarefasUITests */,
				CF042B282EF3797B00E7CA12 /* Products */,
			);
			sourceTree = "<group>";
		};
		CF042B282EF3797B00E7CA12 /* Products */ = {
			isa = PBXGroup;
			children = (
				CF042B272EF3797B00E7CA12 /* Tarefas.app */,
				CF042B3D2EF3797C00E7CA12 /* TarefasTests.xctest */,
				CF042B472EF3797C00E7CA12 /* TarefasUITests.xctest */,
			);
			name = Products;
			sourceTree = "<group>";
		};
/* End PBXGroup section */

/* Begin PBXNativeTarget section */
		CF042B262EF3797B00E7CA12 /* Tarefas */ = {
			isa = PBXNativeTarget;
			buildConfigurationList = CF042B502EF3797C00E7CA12 /* Build configuration list for PBXNativeTarget "Tarefas" */;
			buildPhases = (
				CF042B232EF3797B00E7CA12 /* Sources */,
				CF042B242EF3797B00E7CA12 /* Frameworks */,
				CF042B252EF3797B00E7CA12 /* Resources */,
			);
			buildRules = (
			);
			dependencies = (
			);
			fileSystemSynchronizedGroups = (
				CF042B292EF3797B00E7CA12 /* Tarefas */,
			);
			name = Tarefas;
			packageProductDependencies = (
			);
			productName = Tarefas;
			productReference = CF042B272EF3797B00E7CA12 /* Tarefas.app */;
			productType = "com.apple.product-type.application";
		};
		CF042B3C2EF3797C00E7CA12 /* TarefasTests */ = {
			isa = PBXNativeTarget;
			buildConfigurationList = CF042B552EF3797C00E7CA12 /* Build configuration list for PBXNativeTarget "TarefasTests" */;
			buildPhases = (
				CF042B392EF3797C00E7CA12 /* Sources */,
				CF042B3A2EF3797C00E7CA12 /* Frameworks */,
				CF042B3B2EF3797C00E7CA12 /* Resources */,
			);
			buildRules = (
			);
			dependencies = (
				CF042B3F2EF3797C00E7CA12 /* PBXTargetDependency */,
			);
			fileSystemSynchronizedGroups = (
				CF042B402EF3797C00E7CA12 /* TarefasTests */,
			);
			name = TarefasTests;
			packageProductDependencies = (
			);
			productName = TarefasTests;
			productReference = CF042B3D2EF3797C00E7CA12 /* TarefasTests.xctest */;
			productType = "com.apple.product-type.bundle.unit-test";
		};
		CF042B462EF3797C00E7CA12 /* TarefasUITests */ = {
			isa = PBXNativeTarget;
			buildConfigurationList = CF042B582EF3797C00E7CA12 /* Build configuration list for PBXNativeTarget "TarefasUITests" */;
			buildPhases = (
				CF042B432EF3797C00E7CA12 /* Sources */,
				CF042B442EF3797C00E7CA12 /* Frameworks */,
				CF042B452EF3797C00E7CA12 /* Resources */,
			);
			buildRules = (
			);
			dependencies = (
				CF042B492EF3797C00E7CA12 /* PBXTargetDependency */,
			);
			fileSystemSynchronizedGroups = (
				CF042B4A2EF3797C00E7CA12 /* TarefasUITests */,
			);
			name = TarefasUITests;
			packageProductDependencies = (
			);
			productName = TarefasUITests;
			productReference = CF042B472EF3797C00E7CA12 /* TarefasUITests.xctest */;
			productType = "com.apple.product-type.bundle.ui-testing";
		};
/* End PBXNativeTarget section */

/* Begin PBXProject section */
		CF042B1F2EF3797B00E7CA12 /* Project object */ = {
			isa = PBXProject;
			attributes = {
				BuildIndependentTargetsInParallel = 1;
				LastSwiftUpdateCheck = 1640;
				LastUpgradeCheck = 1640;
				TargetAttributes = {
					CF042B262EF3797B00E7CA12 = {
						CreatedOnToolsVersion = 16.4;
					};
					CF042B3C2EF3797C00E7CA12 = {
						CreatedOnToolsVersion = 16.4;
						TestTargetID = CF042B262EF3797B00E7CA12;
					};
					CF042B462EF3797C00E7CA12 = {
						CreatedOnToolsVersion = 16.4;
						TestTargetID = CF042B262EF3797B00E7CA12;
					};
				};
			};
			buildConfigurationList = CF042B222EF3797B00E7CA12 /* Build configuration list for PBXProject "Tarefas" */;
			developmentRegion = en;
			hasScannedForEncodings = 0;
			knownRegions = (
				en,
				Base,
			);
			mainGroup = CF042B1E2EF3797B00E7CA12;
			minimizedProjectReferenceProxies = 1;
			preferredProjectObjectVersion = 77;
			productRefGroup = CF042B282EF3797B00E7CA12 /* Products */;
			projectDirPath = "";
			projectRoot = "";
			targets = (
				CF042B262EF3797B00E7CA12 /* Tarefas */,
				CF042B3C2EF3797C00E7CA12 /* TarefasTests */,
				CF042B462EF3797C00E7CA12 /* TarefasUITests */,
			);
		};
/* End PBXProject section */

/* Begin PBXResourcesBuildPhase section */
		CF042B252EF3797B00E7CA12 /* Resources */ = {
			isa = PBXResourcesBuildPhase;
			buildActionMask = 2147483647;
			files = (
			);
			runOnlyForDeploymentPostprocessing = 0;
		};
		CF042B3B2EF3797C00E7CA12 /* Resources */ = {
			isa = PBXResourcesBuildPhase;
			buildActionMask = 2147483647;
			files = (
			);
			runOnlyForDeploymentPostprocessing = 0;
		};
		CF042B452EF3797C00E7CA12 /* Resources */ = {
			isa = PBXResourcesBuildPhase;
			buildActionMask = 2147483647;
			files = (
			);
			runOnlyForDeploymentPostprocessing = 0;
		};
/* End PBXResourcesBuildPhase section */

/* Begin PBXSourcesBuildPhase section */
		CF042B232EF3797B00E7CA12 /* Sources */ = {
			isa = PBXSourcesBuildPhase;
			buildActionMask = 2147483647;
			files = (
			);
			runOnlyForDeploymentPostprocessing = 0;
		};
		CF042B392EF3797C00E7CA12 /* Sources */ = {
			isa = PBXSourcesBuildPhase;
			buildActionMask = 2147483647;
			files = (
			);
			runOnlyForDeploymentPostprocessing = 0;
		};
		CF042B432EF3797C00E7CA12 /* Sources */ = {
			isa = PBXSourcesBuildPhase;
			buildActionMask = 2147483647;
			files = (
			);
			runOnlyForDeploymentPostprocessing = 0;
		};
/* End PBXSourcesBuildPhase section */

/* Begin PBXTargetDependency section */
		CF042B3F2EF3797C00E7CA12 /* PBXTargetDependency */ = {
			isa = PBXTargetDependency;
			target = CF042B262EF3797B00E7CA12 /* Tarefas */;
			targetProxy = CF042B3E2EF3797C00E7CA12 /* PBXContainerItemProxy */;
		};
		CF042B492EF3797C00E7CA12 /* PBXTargetDependency */ = {
			isa = PBXTargetDependency;
			target = CF042B262EF3797B00E7CA12 /* Tarefas */;
			targetProxy = CF042B482EF3797C00E7CA12 /* PBXContainerItemProxy */;
		};
/* End PBXTargetDependency section */

/* Begin XCBuildConfiguration section */
		CF042B512EF3797C00E7CA12 /* Debug */ = {
			isa = XCBuildConfiguration;
			buildSettings = {
				ASSETCATALOG_COMPILER_APPICON_NAME = AppIcon;
				ASSETCATALOG_COMPILER_GLOBAL_ACCENT_COLOR_NAME = AccentColor;
				CODE_SIGN_STYLE = Automatic;
				CURRENT_PROJECT_VERSION = 1;
				GENERATE_INFOPLIST_FILE = YES;
				INFOPLIST_FILE = Tarefas/Info.plist;
				INFOPLIST_KEY_UIApplicationSupportsIndirectInputEvents = YES;
				INFOPLIST_KEY_UILaunchStoryboardName = LaunchScreen;
				INFOPLIST_KEY_UISupportedInterfaceOrientations_iPad = "UIInterfaceOrientationPortrait UIInterfaceOrientationPortraitUpsideDown UIInterfaceOrientationLandscapeLeft UIInterfaceOrientationLandscapeRight";
				INFOPLIST_KEY_UISupportedInterfaceOrientations_iPhone = "UIInterfaceOrientationPortrait UIInterfaceOrientationLandscapeLeft UIInterfaceOrientationLandscapeRight";
				LD_RUNPATH_SEARCH_PATHS = (
					"$(inherited)",
					"@executable_path/Frameworks",
				);
				MARKETING_VERSION = 1.0;
				PRODUCT_BUNDLE_IDENTIFIER = joao.j.domingues.s.Tarefas;
				PRODUCT_NAME = "$(TARGET_NAME)";
				SWIFT_EMIT_LOC_STRINGS = YES;
				SWIFT_VERSION = 5.0;
				TARGETED_DEVICE_FAMILY = "1,2";
			};
			name = Debug;
		};
		CF042B522EF3797C00E7CA12 /* Release */ = {
			isa = XCBuildConfiguration;
			buildSettings = {
				ASSETCATALOG_COMPILER_APPICON_NAME = AppIcon;
				ASSETCATALOG_COMPILER_GLOBAL_ACCENT_COLOR_NAME = AccentColor;
				CODE_SIGN_STYLE = Automatic;
				CURRENT_PROJECT_VERSION = 1;
				GENERATE_INFOPLIST_FILE = YES;
				INFOPLIST_FILE = Tarefas/Info.plist;
				INFOPLIST_KEY_UIApplicationSupportsIndirectInputEvents = YES;
				INFOPLIST_KEY_UILaunchStoryboardName = LaunchScreen;
				INFOPLIST_KEY_UISupportedInterfaceOrientations_iPad = "UIInterfaceOrientationPortrait UIInterfaceOrientationPortraitUpsideDown UIInterfaceOrientationLandscapeLeft UIInterfaceOrientationLandscapeRight";
				INFOPLIST_KEY_UISupportedInterfaceOrientations_iPhone = "UIInterfaceOrientationPortrait UIInterfaceOrientationLandscapeLeft UIInterfaceOrientationLandscapeRight";
				LD_RUNPATH_SEARCH_PATHS = (
					"$(inherited)",
					"@executable_path/Frameworks",
				);
				MARKETING_VERSION = 1.0;
				PRODUCT_BUNDLE_IDENTIFIER = joao.j.domingues.s.Tarefas;
				PRODUCT_NAME = "$(TARGET_NAME)";
				SWIFT_EMIT_LOC_STRINGS = YES;
				SWIFT_VERSION = 5.0;
				TARGETED_DEVICE_FAMILY = "1,2";
			};
			name = Release;
		};
		CF042B532EF3797C00E7CA12 /* Debug */ = {
			isa = XCBuildConfiguration;
			buildSettings = {
				ALWAYS_SEARCH_USER_PATHS = NO;
				ASSETCATALOG_COMPILER_GENERATE_SWIFT_ASSET_SYMBOL_EXTENSIONS = YES;
				CLANG_ANALYZER_NONNULL = YES;
				CLANG_ANALYZER_NUMBER_OBJECT_CONVERSION = YES_AGGRESSIVE;
				CLANG_CXX_LANGUAGE_STANDARD = "gnu++20";
				CLANG_ENABLE_MODULES = YES;
				CLANG_ENABLE_OBJC_ARC = YES;
				CLANG_ENABLE_OBJC_WEAK = YES;
				CLANG_WARN_BLOCK_CAPTURE_AUTORELEASING = YES;
				CLANG_WARN_BOOL_CONVERSION = YES;
				CLANG_WARN_COMMA = YES;
				CLANG_WARN_CONSTANT_CONVERSION = YES;
				CLANG_WARN_DEPRECATED_OBJC_IMPLEMENTATIONS = YES;
				CLANG_WARN_DIRECT_OBJC_ISA_USAGE = YES_ERROR;
				CLANG_WARN_DOCUMENTATION_COMMENTS = YES;
				CLANG_WARN_EMPTY_BODY = YES;
				CLANG_WARN_ENUM_CONVERSION = YES;
				CLANG_WARN_INFINITE_RECURSION = YES;
				CLANG_WARN_INT_CONVERSION = YES;
				CLANG_WARN_NON_LITERAL_NULL_CONVERSION = YES;
				CLANG_WARN_OBJC_IMPLICIT_RETAIN_SELF = YES;
				CLANG_WARN_OBJC_LITERAL_CONVERSION = YES;
				CLANG_WARN_OBJC_ROOT_CLASS = YES_ERROR;
				CLANG_WARN_QUOTED_INCLUDE_IN_FRAMEWORK_HEADER = YES;
				CLANG_WARN_RANGE_LOOP_ANALYSIS = YES;
				CLANG_WARN_STRICT_PROTOTYPES = YES;
				CLANG_WARN_SUSPICIOUS_MOVE = YES;
				CLANG_WARN_UNGUARDED_AVAILABILITY = YES_AGGRESSIVE;
				CLANG_WARN_UNREACHABLE_CODE = YES;
				CLANG_WARN__DUPLICATE_METHOD_MATCH = YES;
				COPY_PHASE_STRIP = NO;
				DEBUG_INFORMATION_FORMAT = dwarf;
				ENABLE_STRICT_OBJC_MSGSEND = YES;
				ENABLE_TESTABILITY = YES;
				ENABLE_USER_SCRIPT_SANDBOXING = YES;
				GCC_C_LANGUAGE_STANDARD = gnu17;
				GCC_DYNAMIC_NO_PIC = NO;
				GCC_NO_COMMON_BLOCKS = YES;
				GCC_OPTIMIZATION_LEVEL = 0;
				GCC_PREPROCESSOR_DEFINITIONS = (
					"DEBUG=1",
					"$(inherited)",
				);
				GCC_WARN_64_TO_32_BIT_CONVERSION = YES;
				GCC_WARN_ABOUT_RETURN_TYPE = YES_ERROR;
				GCC_WARN_UNDECLARED_SELECTOR = YES;
				GCC_WARN_UNINITIALIZED_AUTOS = YES_AGGRESSIVE;
				GCC_WARN_UNUSED_FUNCTION = YES;
				GCC_WARN_UNUSED_VARIABLE = YES;
				IPHONEOS_DEPLOYMENT_TARGET = 18.5;
				LOCALIZATION_PREFERS_STRING_CATALOGS = YES;
				MTL_ENABLE_DEBUG_INFO = INCLUDE_SOURCE;
				MTL_FAST_MATH = YES;
				ONLY_ACTIVE_ARCH = YES;
				SDKROOT = iphoneos;
				SWIFT_ACTIVE_COMPILATION_CONDITIONS = "DEBUG $(inherited)";
				SWIFT_OPTIMIZATION_LEVEL = "-Onone";
			};
			name = Debug;
		};
		CF042B542EF3797C00E7CA12 /* Release */ = {
			isa = XCBuildConfiguration;
			buildSettings = {
				ALWAYS_SEARCH_USER_PATHS = NO;
				ASSETCATALOG_COMPILER_GENERATE_SWIFT_ASSET_SYMBOL_EXTENSIONS = YES;
				CLANG_ANALYZER_NONNULL = YES;
				CLANG_ANALYZER_NUMBER_OBJECT_CONVERSION = YES_AGGRESSIVE;
				CLANG_CXX_LANGUAGE_STANDARD = "gnu++20";
				CLANG_ENABLE_MODULES = YES;
				CLANG_ENABLE_OBJC_ARC = YES;
				CLANG_ENABLE_OBJC_WEAK = YES;
				CLANG_WARN_BLOCK_CAPTURE_AUTORELEASING = YES;
				CLANG_WARN_BOOL_CONVERSION = YES;
				CLANG_WARN_COMMA = YES;
				CLANG_WARN_CONSTANT_CONVERSION = YES;
				CLANG_WARN_DEPRECATED_OBJC_IMPLEMENTATIONS = YES;
				CLANG_WARN_DIRECT_OBJC_ISA_USAGE = YES_ERROR;
				CLANG_WARN_DOCUMENTATION_COMMENTS = YES;
				CLANG_WARN_EMPTY_BODY = YES;
				CLANG_WARN_ENUM_CONVERSION = YES;
				CLANG_WARN_INFINITE_RECURSION = YES;
				CLANG_WARN_INT_CONVERSION = YES;
				CLANG_WARN_NON_LITERAL_NULL_CONVERSION = YES;
				CLANG_WARN_OBJC_IMPLICIT_RETAIN_SELF = YES;
				CLANG_WARN_OBJC_LITERAL_CONVERSION = YES;
				CLANG_WARN_OBJC_ROOT_CLASS = YES_ERROR;
				CLANG_WARN_QUOTED_INCLUDE_IN_FRAMEWORK_HEADER = YES;
				CLANG_WARN_RANGE_LOOP_ANALYSIS = YES;
				CLANG_WARN_STRICT_PROTOTYPES = YES;
				CLANG_WARN_SUSPICIOUS_MOVE = YES;
				CLANG_WARN_UNGUARDED_AVAILABILITY = YES_AGGRESSIVE;
				CLANG_WARN_UNREACHABLE_CODE = YES;
				CLANG_WARN__DUPLICATE_METHOD_MATCH = YES;
				COPY_PHASE_STRIP = NO;
				DEBUG_INFORMATION_FORMAT = "dwarf-with-dsym";
				ENABLE_NS_ASSERTIONS = NO;
				ENABLE_STRICT_OBJC_MSGSEND = YES;
				ENABLE_USER_SCRIPT_SANDBOXING = YES;
				GCC_C_LANGUAGE_STANDARD = gnu17;
				GCC_NO_COMMON_BLOCKS = YES;
				GCC_WARN_64_TO_32_BIT_CONVERSION = YES;
				GCC_WARN_ABOUT_RETURN_TYPE = YES_ERROR;
				GCC_WARN_UNDECLARED_SELECTOR = YES;
				GCC_WARN_UNINITIALIZED_AUTOS = YES_AGGRESSIVE;
				GCC_WARN_UNUSED_FUNCTION = YES;
				GCC_WARN_UNUSED_VARIABLE = YES;
				IPHONEOS_DEPLOYMENT_TARGET = 18.5;
				LOCALIZATION_PREFERS_STRING_CATALOGS = YES;
				MTL_ENABLE_DEBUG_INFO = NO;
				MTL_FAST_MATH = YES;
				SDKROOT = iphoneos;
				SWIFT_COMPILATION_MODE = wholemodule;
				VALIDATE_PRODUCT = YES;
			};
			name = Release;
		};
		CF042B562EF3797C00E7CA12 /* Debug */ = {
			isa = XCBuildConfiguration;
			buildSettings = {
				BUNDLE_LOADER = "$(TEST_HOST)";
				CODE_SIGN_STYLE = Automatic;
				CURRENT_PROJECT_VERSION = 1;
				GENERATE_INFOPLIST_FILE = YES;
				IPHONEOS_DEPLOYMENT_TARGET = 18.5;
				MARKETING_VERSION = 1.0;
				PRODUCT_BUNDLE_IDENTIFIER = joao.j.domingues.s.TarefasTests;
				PRODUCT_NAME = "$(TARGET_NAME)";
				SWIFT_EMIT_LOC_STRINGS = NO;
				SWIFT_VERSION = 5.0;
				TARGETED_DEVICE_FAMILY = "1,2";
				TEST_HOST = "$(BUILT_PRODUCTS_DIR)/Tarefas.app/$(BUNDLE_EXECUTABLE_FOLDER_PATH)/Tarefas";
			};
			name = Debug;
		};
		CF042B572EF3797C00E7CA12 /* Release */ = {
			isa = XCBuildConfiguration;
			buildSettings = {
				BUNDLE_LOADER = "$(TEST_HOST)";
				CODE_SIGN_STYLE = Automatic;
				CURRENT_PROJECT_VERSION = 1;
				GENERATE_INFOPLIST_FILE = YES;
				IPHONEOS_DEPLOYMENT_TARGET = 18.5;
				MARKETING_VERSION = 1.0;
				PRODUCT_BUNDLE_IDENTIFIER = joao.j.domingues.s.TarefasTests;
				PRODUCT_NAME = "$(TARGET_NAME)";
				SWIFT_EMIT_LOC_STRINGS = NO;
				SWIFT_VERSION = 5.0;
				TARGETED_DEVICE_FAMILY = "1,2";
				TEST_HOST = "$(BUILT_PRODUCTS_DIR)/Tarefas.app/$(BUNDLE_EXECUTABLE_FOLDER_PATH)/Tarefas";
			};
			name = Release;
		};
		CF042B592EF3797C00E7CA12 /* Debug */ = {
			isa = XCBuildConfiguration;
			buildSettings = {
				CODE_SIGN_STYLE = Automatic;
				CURRENT_PROJECT_VERSION = 1;
				GENERATE_INFOPLIST_FILE = YES;
				MARKETING_VERSION = 1.0;
				PRODUCT_BUNDLE_IDENTIFIER = joao.j.domingues.s.TarefasUITests;
				PRODUCT_NAME = "$(TARGET_NAME)";
				SWIFT_EMIT_LOC_STRINGS = NO;
				SWIFT_VERSION = 5.0;
				TARGETED_DEVICE_FAMILY = "1,2";
				TEST_TARGET_NAME = Tarefas;
			};
			name = Debug;
		};
		CF042B5A2EF3797C00E7CA12 /* Release */ = {
			isa = XCBuildConfiguration;
			buildSettings = {
				CODE_SIGN_STYLE = Automatic;
				CURRENT_PROJECT_VERSION = 1;
				GENERATE_INFOPLIST_FILE = YES;
				MARKETING_VERSION = 1.0;
				PRODUCT_BUNDLE_IDENTIFIER = joao.j.domingues.s.TarefasUITests;
				PRODUCT_NAME = "$(TARGET_NAME)";
				SWIFT_EMIT_LOC_STRINGS = NO;
				SWIFT_VERSION = 5.0;
				TARGETED_DEVICE_FAMILY = "1,2";
				TEST_TARGET_NAME = Tarefas;
			};
			name = Release;
		};
/* End XCBuildConfiguration section */

/* Begin XCConfigurationList section */
		CF042B222EF3797B00E7CA12 /* Build configuration list for PBXProject "Tarefas" */ = {
			isa = XCConfigurationList;
			buildConfigurations = (
				CF042B532EF3797C00E7CA12 /* Debug */,
				CF042B542EF3797C00E7CA12 /* Release */,
			);
			defaultConfigurationIsVisible = 0;
			defaultConfigurationName = Release;
		};
		CF042B502EF3797C00E7CA12 /* Build configuration list for PBXNativeTarget "Tarefas" */ = {
			isa = XCConfigurationList;
			buildConfigurations = (
				CF042B512EF3797C00E7CA12 /* Debug */,
				CF042B522EF3797C00E7CA12 /* Release */,
			);
			defaultConfigurationIsVisible = 0;
			defaultConfigurationName = Release;
		};
		CF042B552EF3797C00E7CA12 /* Build configuration list for PBXNativeTarget "TarefasTests" */ = {
			isa = XCConfigurationList;
			buildConfigurations = (
				CF042B562EF3797C00E7CA12 /* Debug */,
				CF042B572EF3797C00E7CA12 /* Release */,
			);
			defaultConfigurationIsVisible = 0;
			defaultConfigurationName = Release;
		};
		CF042B582EF3797C00E7CA12 /* Build configuration list for PBXNativeTarget "TarefasUITests" */ = {
			isa = XCConfigurationList;
			buildConfigurations = (
				CF042B592EF3797C00E7CA12 /* Debug */,
				CF042B5A2EF3797C00E7CA12 /* Release */,
			);
			defaultConfigurationIsVisible = 0;
			defaultConfigurationName = Release;
		};
/* End XCConfigurationList section */
	};
	rootObject = CF042B1F2EF3797B00E7CA12 /* Project object */;
}
